
Microsoft Visual Studio Solution File, Format Version 12.00
# Visual Studio Version 17
VisualStudioVersion = 17.8.34330.188
MinimumVisualStudioVersion = 10.0.40219.1
Project("{FAE04EC0-301F-11D3-BF4B-00C04F79EFBC}") = "BilgeShop.Data", "BilgeShop.Data\BilgeShop.Data.csproj", "{212CCD8C-E012-4442-8980-0AEB4D1D02B1}"
EndProject
Project("{FAE04EC0-301F-11D3-BF4B-00C04F79EFBC}") = "BilgeShop.Business", "BilgeShop.Business\BilgeShop.Business.csproj", "{EB0F92B1-62CE-416D-9D06-892963ECB87C}"
EndProject
Project("{FAE04EC0-301F-11D3-BF4B-00C04F79EFBC}") = "BilgeShop.WebUI", "BilgeShop.WebUI\BilgeShop.WebUI.csproj", "{20CBABF2-6649-4C43-BFB6-F57A6A329990}"
EndProject
Project("{2150E333-8FDC-42A3-9474-1A3956D46DE8}") = "Solution Items", "Solution Items", "{DD2967EC-DEED-4DFC-A5BC-AAD9143188CF}"
	ProjectSection(SolutionItems) = preProject
		GENEL-ALGORITMA.txt = GENEL-ALGORITMA.txt
	EndProjectSection
EndProject
Global
	GlobalSection(SolutionConfigurationPlatforms) = preSolution
		Debug|Any CPU = Debug|Any CPU
		Release|Any CPU = Release|Any CPU
	EndGlobalSection
	GlobalSection(ProjectConfigurationPlatforms) = postSolution
		{212CCD8C-E012-4442-8980-0AEB4D1D02B1}.Debug|Any CPU.ActiveCfg = Debug|Any CPU
		{212CCD8C-E012-4442-8980-0AEB4D1D02B1}.Debug|Any CPU.Build.0 = Debug|Any CPU
		{212CCD8C-E012-4442-8980-0AEB4D1D02B1}.Release|Any CPU.ActiveCfg = Release|Any CPU
		{212CCD8C-E012-4442-8980-0AEB4D1D02B1}.Release|Any CPU.Build.0 = Release|Any CPU
		{EB0F92B1-62CE-416D-9D06-892963ECB87C}.Debug|Any CPU.ActiveCfg = Debug|Any CPU
		{EB0F92B1-62CE-416D-9D06-892963ECB87C}.Debug|Any CPU.Build.0 = Debug|Any CPU
		{EB0F92B1-62CE-416D-9D06-892963ECB87C}.Release|Any CPU.ActiveCfg = Release|Any CPU
		{EB0F92B1-62CE-416D-9D06-892963ECB87C}.Release|Any CPU.Build.0 = Release|Any CPU
		{20CBABF2-6649-4C43-BFB6-F57A6A329990}.Debug|Any CPU.ActiveCfg = Debug|Any CPU
		{20CBABF2-6649-4C43-BFB6-F57A6A329990}.Debug|Any CPU.Build.0 = Debug|Any CPU
		{20CBABF2-6649-4C43-BFB6-F57A6A329990}.Release|Any CPU.ActiveCfg = Release|Any CPU
		{20CBABF2-6649-4C43-BFB6-F57A6A329990}.Release|Any CPU.Build.0 = Release|Any CPU
	EndGlobalSection
	GlobalSection(SolutionProperties) = preSolution
		HideSolutionNode = FALSE
	EndGlobalSection
	GlobalSection(ExtensibilityGlobals) = postSolution
		SolutionGuid = {73B90D18-EF09-4442-818C-CA589081492A}
	EndGlobalSection
EndGlobal
